// !$*UTF8*$!
{
	archiveVersion = 1;
	classes = {
	};
	objectVersion = 55;
	objects = {

/* Begin PBXBuildFile section */
		8E59FE5129F136A1000D24C4 /* AppDelegate.swift in Sources */ = {isa = PBXBuildFile; fileRef = 8E59FE5029F136A1000D24C4 /* AppDelegate.swift */; };
		8E59FE5329F136A1000D24C4 /* SceneDelegate.swift in Sources */ = {isa = PBXBuildFile; fileRef = 8E59FE5229F136A1000D24C4 /* SceneDelegate.swift */; };
		8E59FE5A29F136A3000D24C4 /* Assets.xcassets in Resources */ = {isa = PBXBuildFile; fileRef = 8E59FE5929F136A3000D24C4 /* Assets.xcassets */; };
		8E59FE5D29F136A3000D24C4 /* LaunchScreen.storyboard in Resources */ = {isa = PBXBuildFile; fileRef = 8E59FE5B29F136A3000D24C4 /* LaunchScreen.storyboard */; };
		8E59FE6829F136A4000D24C4 /* MovieAppTests.swift in Sources */ = {isa = PBXBuildFile; fileRef = 8E59FE6729F136A4000D24C4 /* MovieAppTests.swift */; };
		8E59FE7229F136A4000D24C4 /* MovieAppUITests.swift in Sources */ = {isa = PBXBuildFile; fileRef = 8E59FE7129F136A4000D24C4 /* MovieAppUITests.swift */; };
		8E59FE7429F136A4000D24C4 /* MovieAppUITestsLaunchTests.swift in Sources */ = {isa = PBXBuildFile; fileRef = 8E59FE7329F136A4000D24C4 /* MovieAppUITestsLaunchTests.swift */; };
		8E59FE8429F137A1000D24C4 /* MainMoviesRouter.swift in Sources */ = {isa = PBXBuildFile; fileRef = 8E59FE8329F137A1000D24C4 /* MainMoviesRouter.swift */; };
		8E59FE8929F1395B000D24C4 /* ListOfMoviesViewController.swift in Sources */ = {isa = PBXBuildFile; fileRef = 8E59FE8729F1395B000D24C4 /* ListOfMoviesViewController.swift */; };
		8E59FE8A29F1395B000D24C4 /* ListOfMoviesViewController.xib in Resources */ = {isa = PBXBuildFile; fileRef = 8E59FE8829F1395B000D24C4 /* ListOfMoviesViewController.xib */; };
		8E59FE8C29F14082000D24C4 /* ListOfMoviesInteractor.swift in Sources */ = {isa = PBXBuildFile; fileRef = 8E59FE8B29F14082000D24C4 /* ListOfMoviesInteractor.swift */; };
		8E59FE8E29F140DE000D24C4 /* Movie.swift in Sources */ = {isa = PBXBuildFile; fileRef = 8E59FE8D29F140DE000D24C4 /* Movie.swift */; };
		8E59FE9029F14111000D24C4 /* APIClient.swift in Sources */ = {isa = PBXBuildFile; fileRef = 8E59FE8F29F14111000D24C4 /* APIClient.swift */; };
		8E59FE9229F141B4000D24C4 /* MovieApiResponse.swift in Sources */ = {isa = PBXBuildFile; fileRef = 8E59FE9129F141B4000D24C4 /* MovieApiResponse.swift */; };
		8E59FE9429F142D0000D24C4 /* ListOfMoviesPresenter.swift in Sources */ = {isa = PBXBuildFile; fileRef = 8E59FE9329F142D0000D24C4 /* ListOfMoviesPresenter.swift */; };
		8E59FE9929F1493D000D24C4 /* MovieViewCell.swift in Sources */ = {isa = PBXBuildFile; fileRef = 8E59FE9729F1493D000D24C4 /* MovieViewCell.swift */; };
		8E59FE9A29F1493D000D24C4 /* MovieViewCell.xib in Resources */ = {isa = PBXBuildFile; fileRef = 8E59FE9829F1493D000D24C4 /* MovieViewCell.xib */; };
		8E59FE9D29F15317000D24C4 /* Kingfisher in Frameworks */ = {isa = PBXBuildFile; productRef = 8E59FE9C29F15317000D24C4 /* Kingfisher */; };
		8E59FEA129F16AAA000D24C4 /* SearchListMoviesViewController.swift in Sources */ = {isa = PBXBuildFile; fileRef = 8E59FE9F29F16AAA000D24C4 /* SearchListMoviesViewController.swift */; };
		8E59FEA229F16AAA000D24C4 /* SearchListMoviesViewController.xib in Resources */ = {isa = PBXBuildFile; fileRef = 8E59FEA029F16AAA000D24C4 /* SearchListMoviesViewController.xib */; };
		8EB287A429F26575002BB71D /* MovieViewCellModel.swift in Sources */ = {isa = PBXBuildFile; fileRef = 8EB287A329F26575002BB71D /* MovieViewCellModel.swift */; };
		8EB287A629F26D63002BB71D /* MovieViewCellMapper.swift in Sources */ = {isa = PBXBuildFile; fileRef = 8EB287A529F26D63002BB71D /* MovieViewCellMapper.swift */; };
		8EB287A829F2771F002BB71D /* SearchMoviesInteractor.swift in Sources */ = {isa = PBXBuildFile; fileRef = 8EB287A729F2771F002BB71D /* SearchMoviesInteractor.swift */; };
		8EB287AA29F27B00002BB71D /* SearchListMoviesPresenter.swift in Sources */ = {isa = PBXBuildFile; fileRef = 8EB287A929F27B00002BB71D /* SearchListMoviesPresenter.swift */; };
		8EEB743829F6682100C621FE /* ListOfMoviesDBInteractor.swift in Sources */ = {isa = PBXBuildFile; fileRef = 8EEB743729F6682100C621FE /* ListOfMoviesDBInteractor.swift */; };
		8EEB743B29F66B1100C621FE /* Realm in Frameworks */ = {isa = PBXBuildFile; productRef = 8EEB743A29F66B1100C621FE /* Realm */; };
		8EEB743D29F66B1100C621FE /* RealmSwift in Frameworks */ = {isa = PBXBuildFile; productRef = 8EEB743C29F66B1100C621FE /* RealmSwift */; };
		8EEB744029F6758000C621FE /* RealmMovie.swift in Sources */ = {isa = PBXBuildFile; fileRef = 8EEB743F29F6758000C621FE /* RealmMovie.swift */; };
		8EEB744329F6773C00C621FE /* FavoriteListViewController.swift in Sources */ = {isa = PBXBuildFile; fileRef = 8EEB744129F6773C00C621FE /* FavoriteListViewController.swift */; };
		8EEB744429F6773C00C621FE /* FavoriteListViewController.xib in Resources */ = {isa = PBXBuildFile; fileRef = 8EEB744229F6773C00C621FE /* FavoriteListViewController.xib */; };
		8EEB744929F678B000C621FE /* FavoriteListInteractor.swift in Sources */ = {isa = PBXBuildFile; fileRef = 8EEB744829F678B000C621FE /* FavoriteListInteractor.swift */; };
		8EEB744E29F67A9F00C621FE /* FavoriteMovieCellMapper.swift in Sources */ = {isa = PBXBuildFile; fileRef = 8EEB744D29F67A9F00C621FE /* FavoriteMovieCellMapper.swift */; };
		8EEB745029F67C0000C621FE /* RealmMovieMapper.swift in Sources */ = {isa = PBXBuildFile; fileRef = 8EEB744F29F67C0000C621FE /* RealmMovieMapper.swift */; };
		8EEB745229F68C1100C621FE /* SearchListRouter.swift in Sources */ = {isa = PBXBuildFile; fileRef = 8EEB745129F68C1100C621FE /* SearchListRouter.swift */; };
		8EEB745429F6AEC400C621FE /* FavoriteListPresenter.swift in Sources */ = {isa = PBXBuildFile; fileRef = 8EEB745329F6AEC400C621FE /* FavoriteListPresenter.swift */; };
		8EEB745729F6B10900C621FE /* DefaultListViewController.swift in Sources */ = {isa = PBXBuildFile; fileRef = 8EEB745629F6B10900C621FE /* DefaultListViewController.swift */; };
/* End PBXBuildFile section */

/* Begin PBXContainerItemProxy section */
		8E59FE6429F136A4000D24C4 /* PBXContainerItemProxy */ = {
			isa = PBXContainerItemProxy;
			containerPortal = 8E59FE4529F136A1000D24C4 /* Project object */;
			proxyType = 1;
			remoteGlobalIDString = 8E59FE4C29F136A1000D24C4;
			remoteInfo = MovieApp;
		};
		8E59FE6E29F136A4000D24C4 /* PBXContainerItemProxy */ = {
			isa = PBXContainerItemProxy;
			containerPortal = 8E59FE4529F136A1000D24C4 /* Project object */;
			proxyType = 1;
			remoteGlobalIDString = 8E59FE4C29F136A1000D24C4;
			remoteInfo = MovieApp;
		};
/* End PBXContainerItemProxy section */

/* Begin PBXFileReference section */
		8E59FE4D29F136A1000D24C4 /* MovieApp.app */ = {isa = PBXFileReference; explicitFileType = wrapper.application; includeInIndex = 0; path = MovieApp.app; sourceTree = BUILT_PRODUCTS_DIR; };
		8E59FE5029F136A1000D24C4 /* AppDelegate.swift */ = {isa = PBXFileReference; lastKnownFileType = sourcecode.swift; path = AppDelegate.swift; sourceTree = "<group>"; };
		8E59FE5229F136A1000D24C4 /* SceneDelegate.swift */ = {isa = PBXFileReference; lastKnownFileType = sourcecode.swift; path = SceneDelegate.swift; sourceTree = "<group>"; };
		8E59FE5929F136A3000D24C4 /* Assets.xcassets */ = {isa = PBXFileReference; lastKnownFileType = folder.assetcatalog; path = Assets.xcassets; sourceTree = "<group>"; };
		8E59FE5C29F136A3000D24C4 /* Base */ = {isa = PBXFileReference; lastKnownFileType = file.storyboard; name = Base; path = Base.lproj/LaunchScreen.storyboard; sourceTree = "<group>"; };
		8E59FE5E29F136A4000D24C4 /* Info.plist */ = {isa = PBXFileReference; lastKnownFileType = text.plist.xml; path = Info.plist; sourceTree = "<group>"; };
		8E59FE6329F136A4000D24C4 /* MovieAppTests.xctest */ = {isa = PBXFileReference; explicitFileType = wrapper.cfbundle; includeInIndex = 0; path = MovieAppTests.xctest; sourceTree = BUILT_PRODUCTS_DIR; };
		8E59FE6729F136A4000D24C4 /* MovieAppTests.swift */ = {isa = PBXFileReference; lastKnownFileType = sourcecode.swift; path = MovieAppTests.swift; sourceTree = "<group>"; };
		8E59FE6D29F136A4000D24C4 /* MovieAppUITests.xctest */ = {isa = PBXFileReference; explicitFileType = wrapper.cfbundle; includeInIndex = 0; path = MovieAppUITests.xctest; sourceTree = BUILT_PRODUCTS_DIR; };
		8E59FE7129F136A4000D24C4 /* MovieAppUITests.swift */ = {isa = PBXFileReference; lastKnownFileType = sourcecode.swift; path = MovieAppUITests.swift; sourceTree = "<group>"; };
		8E59FE7329F136A4000D24C4 /* MovieAppUITestsLaunchTests.swift */ = {isa = PBXFileReference; lastKnownFileType = sourcecode.swift; path = MovieAppUITestsLaunchTests.swift; sourceTree = "<group>"; };
		8E59FE8329F137A1000D24C4 /* MainMoviesRouter.swift */ = {isa = PBXFileReference; lastKnownFileType = sourcecode.swift; path = MainMoviesRouter.swift; sourceTree = "<group>"; };
		8E59FE8729F1395B000D24C4 /* ListOfMoviesViewController.swift */ = {isa = PBXFileReference; lastKnownFileType = sourcecode.swift; path = ListOfMoviesViewController.swift; sourceTree = "<group>"; };
		8E59FE8829F1395B000D24C4 /* ListOfMoviesViewController.xib */ = {isa = PBXFileReference; lastKnownFileType = file.xib; path = ListOfMoviesViewController.xib; sourceTree = "<group>"; };
		8E59FE8B29F14082000D24C4 /* ListOfMoviesInteractor.swift */ = {isa = PBXFileReference; lastKnownFileType = sourcecode.swift; path = ListOfMoviesInteractor.swift; sourceTree = "<group>"; };
		8E59FE8D29F140DE000D24C4 /* Movie.swift */ = {isa = PBXFileReference; lastKnownFileType = sourcecode.swift; path = Movie.swift; sourceTree = "<group>"; };
		8E59FE8F29F14111000D24C4 /* APIClient.swift */ = {isa = PBXFileReference; fileEncoding = 4; lastKnownFileType = sourcecode.swift; path = APIClient.swift; sourceTree = "<group>"; };
		8E59FE9129F141B4000D24C4 /* MovieApiResponse.swift */ = {isa = PBXFileReference; lastKnownFileType = sourcecode.swift; path = MovieApiResponse.swift; sourceTree = "<group>"; };
		8E59FE9329F142D0000D24C4 /* ListOfMoviesPresenter.swift */ = {isa = PBXFileReference; lastKnownFileType = sourcecode.swift; path = ListOfMoviesPresenter.swift; sourceTree = "<group>"; };
		8E59FE9729F1493D000D24C4 /* MovieViewCell.swift */ = {isa = PBXFileReference; lastKnownFileType = sourcecode.swift; path = MovieViewCell.swift; sourceTree = "<group>"; };
		8E59FE9829F1493D000D24C4 /* MovieViewCell.xib */ = {isa = PBXFileReference; lastKnownFileType = file.xib; path = MovieViewCell.xib; sourceTree = "<group>"; };
		8E59FE9F29F16AAA000D24C4 /* SearchListMoviesViewController.swift */ = {isa = PBXFileReference; lastKnownFileType = sourcecode.swift; path = SearchListMoviesViewController.swift; sourceTree = "<group>"; };
		8E59FEA029F16AAA000D24C4 /* SearchListMoviesViewController.xib */ = {isa = PBXFileReference; lastKnownFileType = file.xib; path = SearchListMoviesViewController.xib; sourceTree = "<group>"; };
		8EB287A329F26575002BB71D /* MovieViewCellModel.swift */ = {isa = PBXFileReference; lastKnownFileType = sourcecode.swift; path = MovieViewCellModel.swift; sourceTree = "<group>"; };
		8EB287A529F26D63002BB71D /* MovieViewCellMapper.swift */ = {isa = PBXFileReference; lastKnownFileType = sourcecode.swift; path = MovieViewCellMapper.swift; sourceTree = "<group>"; };
		8EB287A729F2771F002BB71D /* SearchMoviesInteractor.swift */ = {isa = PBXFileReference; lastKnownFileType = sourcecode.swift; path = SearchMoviesInteractor.swift; sourceTree = "<group>"; };
		8EB287A929F27B00002BB71D /* SearchListMoviesPresenter.swift */ = {isa = PBXFileReference; lastKnownFileType = sourcecode.swift; path = SearchListMoviesPresenter.swift; sourceTree = "<group>"; };
		8EEB743729F6682100C621FE /* ListOfMoviesDBInteractor.swift */ = {isa = PBXFileReference; lastKnownFileType = sourcecode.swift; path = ListOfMoviesDBInteractor.swift; sourceTree = "<group>"; };
		8EEB743F29F6758000C621FE /* RealmMovie.swift */ = {isa = PBXFileReference; lastKnownFileType = sourcecode.swift; path = RealmMovie.swift; sourceTree = "<group>"; };
		8EEB744129F6773C00C621FE /* FavoriteListViewController.swift */ = {isa = PBXFileReference; lastKnownFileType = sourcecode.swift; path = FavoriteListViewController.swift; sourceTree = "<group>"; };
		8EEB744229F6773C00C621FE /* FavoriteListViewController.xib */ = {isa = PBXFileReference; lastKnownFileType = file.xib; path = FavoriteListViewController.xib; sourceTree = "<group>"; };
		8EEB744829F678B000C621FE /* FavoriteListInteractor.swift */ = {isa = PBXFileReference; lastKnownFileType = sourcecode.swift; path = FavoriteListInteractor.swift; sourceTree = "<group>"; };
		8EEB744D29F67A9F00C621FE /* FavoriteMovieCellMapper.swift */ = {isa = PBXFileReference; lastKnownFileType = sourcecode.swift; path = FavoriteMovieCellMapper.swift; sourceTree = "<group>"; };
		8EEB744F29F67C0000C621FE /* RealmMovieMapper.swift */ = {isa = PBXFileReference; lastKnownFileType = sourcecode.swift; path = RealmMovieMapper.swift; sourceTree = "<group>"; };
		8EEB745129F68C1100C621FE /* SearchListRouter.swift */ = {isa = PBXFileReference; lastKnownFileType = sourcecode.swift; path = SearchListRouter.swift; sourceTree = "<group>"; };
		8EEB745329F6AEC400C621FE /* FavoriteListPresenter.swift */ = {isa = PBXFileReference; lastKnownFileType = sourcecode.swift; path = FavoriteListPresenter.swift; sourceTree = "<group>"; };
		8EEB745629F6B10900C621FE /* DefaultListViewController.swift */ = {isa = PBXFileReference; lastKnownFileType = sourcecode.swift; path = DefaultListViewController.swift; sourceTree = "<group>"; };
/* End PBXFileReference section */

/* Begin PBXFrameworksBuildPhase section */
		8E59FE4A29F136A1000D24C4 /* Frameworks */ = {
			isa = PBXFrameworksBuildPhase;
			buildActionMask = 2147483647;
			files = (
				8EEB743D29F66B1100C621FE /* RealmSwift in Frameworks */,
				8EEB743B29F66B1100C621FE /* Realm in Frameworks */,
				8E59FE9D29F15317000D24C4 /* Kingfisher in Frameworks */,
			);
			runOnlyForDeploymentPostprocessing = 0;
		};
		8E59FE6029F136A4000D24C4 /* Frameworks */ = {
			isa = PBXFrameworksBuildPhase;
			buildActionMask = 2147483647;
			files = (
			);
			runOnlyForDeploymentPostprocessing = 0;
		};
		8E59FE6A29F136A4000D24C4 /* Frameworks */ = {
			isa = PBXFrameworksBuildPhase;
			buildActionMask = 2147483647;
			files = (
			);
			runOnlyForDeploymentPostprocessing = 0;
		};
/* End PBXFrameworksBuildPhase section */

/* Begin PBXGroup section */
		8E59FE4429F136A1000D24C4 = {
			isa = PBXGroup;
			children = (
				8E59FE4F29F136A1000D24C4 /* MovieApp */,
				8E59FE6629F136A4000D24C4 /* MovieAppTests */,
				8E59FE7029F136A4000D24C4 /* MovieAppUITests */,
				8E59FE4E29F136A1000D24C4 /* Products */,
			);
			sourceTree = "<group>";
		};
		8E59FE4E29F136A1000D24C4 /* Products */ = {
			isa = PBXGroup;
			children = (
				8E59FE4D29F136A1000D24C4 /* MovieApp.app */,
				8E59FE6329F136A4000D24C4 /* MovieAppTests.xctest */,
				8E59FE6D29F136A4000D24C4 /* MovieAppUITests.xctest */,
			);
			name = Products;
			sourceTree = "<group>";
		};
		8E59FE4F29F136A1000D24C4 /* MovieApp */ = {
			isa = PBXGroup;
			children = (
				8E59FE5029F136A1000D24C4 /* AppDelegate.swift */,
				8E59FE5229F136A1000D24C4 /* SceneDelegate.swift */,
				8E59FE8329F137A1000D24C4 /* MainMoviesRouter.swift */,
				8EEB745629F6B10900C621FE /* DefaultListViewController.swift */,
				8EEB743629F6680200C621FE /* FavoritesListMovies */,
				8E59FE9E29F16A85000D24C4 /* SearchListMovies */,
				8E59FE8229F1377E000D24C4 /* PopularListMovies */,
				8E59FE5929F136A3000D24C4 /* Assets.xcassets */,
				8E59FE5B29F136A3000D24C4 /* LaunchScreen.storyboard */,
				8E59FE5E29F136A4000D24C4 /* Info.plist */,
			);
			path = MovieApp;
			sourceTree = "<group>";
		};
		8E59FE6629F136A4000D24C4 /* MovieAppTests */ = {
			isa = PBXGroup;
			children = (
				8E59FE6729F136A4000D24C4 /* MovieAppTests.swift */,
			);
			path = MovieAppTests;
			sourceTree = "<group>";
		};
		8E59FE7029F136A4000D24C4 /* MovieAppUITests */ = {
			isa = PBXGroup;
			children = (
				8E59FE7129F136A4000D24C4 /* MovieAppUITests.swift */,
				8E59FE7329F136A4000D24C4 /* MovieAppUITestsLaunchTests.swift */,
			);
			path = MovieAppUITests;
			sourceTree = "<group>";
		};
		8E59FE8229F1377E000D24C4 /* PopularListMovies */ = {
			isa = PBXGroup;
			children = (
				8E59FE8F29F14111000D24C4 /* APIClient.swift */,
				8EEB745529F6B0BA00C621FE /* Mapper */,
				8EB287A229F26536002BB71D /* ViewModel */,
				8E59FE9629F14917000D24C4 /* CustomViews */,
				8E59FE9529F142DF000D24C4 /* Entities */,
				8E59FE8729F1395B000D24C4 /* ListOfMoviesViewController.swift */,
				8E59FE8829F1395B000D24C4 /* ListOfMoviesViewController.xib */,
				8E59FE9329F142D0000D24C4 /* ListOfMoviesPresenter.swift */,
				8E59FE8B29F14082000D24C4 /* ListOfMoviesInteractor.swift */,
				8EEB743729F6682100C621FE /* ListOfMoviesDBInteractor.swift */,
			);
			path = PopularListMovies;
			sourceTree = "<group>";
		};
		8E59FE9529F142DF000D24C4 /* Entities */ = {
			isa = PBXGroup;
			children = (
				8E59FE8D29F140DE000D24C4 /* Movie.swift */,
				8E59FE9129F141B4000D24C4 /* MovieApiResponse.swift */,
			);
			path = Entities;
			sourceTree = "<group>";
		};
		8E59FE9629F14917000D24C4 /* CustomViews */ = {
			isa = PBXGroup;
			children = (
				8E59FE9729F1493D000D24C4 /* MovieViewCell.swift */,
				8E59FE9829F1493D000D24C4 /* MovieViewCell.xib */,
			);
			path = CustomViews;
			sourceTree = "<group>";
		};
		8E59FE9E29F16A85000D24C4 /* SearchListMovies */ = {
			isa = PBXGroup;
			children = (
				8EEB745129F68C1100C621FE /* SearchListRouter.swift */,
				8E59FE9F29F16AAA000D24C4 /* SearchListMoviesViewController.swift */,
				8E59FEA029F16AAA000D24C4 /* SearchListMoviesViewController.xib */,
				8EB287A729F2771F002BB71D /* SearchMoviesInteractor.swift */,
				8EB287A929F27B00002BB71D /* SearchListMoviesPresenter.swift */,
			);
			path = SearchListMovies;
			sourceTree = "<group>";
		};
		8EB287A229F26536002BB71D /* ViewModel */ = {
			isa = PBXGroup;
			children = (
				8EB287A329F26575002BB71D /* MovieViewCellModel.swift */,
			);
			path = ViewModel;
			sourceTree = "<group>";
		};
		8EEB743629F6680200C621FE /* FavoritesListMovies */ = {
			isa = PBXGroup;
			children = (
				8EEB744A29F679DB00C621FE /* Mappers */,
				8EEB743E29F6756A00C621FE /* Entities */,
				8EEB744129F6773C00C621FE /* FavoriteListViewController.swift */,
				8EEB744229F6773C00C621FE /* FavoriteListViewController.xib */,
				8EEB744829F678B000C621FE /* FavoriteListInteractor.swift */,
				8EEB745329F6AEC400C621FE /* FavoriteListPresenter.swift */,
			);
			path = FavoritesListMovies;
			sourceTree = "<group>";
		};
		8EEB743E29F6756A00C621FE /* Entities */ = {
			isa = PBXGroup;
			children = (
				8EEB743F29F6758000C621FE /* RealmMovie.swift */,
			);
			path = Entities;
			sourceTree = "<group>";
		};
		8EEB744A29F679DB00C621FE /* Mappers */ = {
			isa = PBXGroup;
			children = (
				8EEB744D29F67A9F00C621FE /* FavoriteMovieCellMapper.swift */,
				8EEB744F29F67C0000C621FE /* RealmMovieMapper.swift */,
			);
			path = Mappers;
			sourceTree = "<group>";
		};
		8EEB745529F6B0BA00C621FE /* Mapper */ = {
			isa = PBXGroup;
			children = (
				8EB287A529F26D63002BB71D /* MovieViewCellMapper.swift */,
			);
			path = Mapper;
			sourceTree = "<group>";
		};
/* End PBXGroup section */

/* Begin PBXNativeTarget section */
		8E59FE4C29F136A1000D24C4 /* MovieApp */ = {
			isa = PBXNativeTarget;
			buildConfigurationList = 8E59FE7729F136A4000D24C4 /* Build configuration list for PBXNativeTarget "MovieApp" */;
			buildPhases = (
				8E59FE4929F136A1000D24C4 /* Sources */,
				8E59FE4A29F136A1000D24C4 /* Frameworks */,
				8E59FE4B29F136A1000D24C4 /* Resources */,
			);
			buildRules = (
			);
			dependencies = (
			);
			name = MovieApp;
			packageProductDependencies = (
				8E59FE9C29F15317000D24C4 /* Kingfisher */,
				8EEB743A29F66B1100C621FE /* Realm */,
				8EEB743C29F66B1100C621FE /* RealmSwift */,
			);
			productName = MovieApp;
			productReference = 8E59FE4D29F136A1000D24C4 /* MovieApp.app */;
			productType = "com.apple.product-type.application";
		};
		8E59FE6229F136A4000D24C4 /* MovieAppTests */ = {
			isa = PBXNativeTarget;
			buildConfigurationList = 8E59FE7A29F136A4000D24C4 /* Build configuration list for PBXNativeTarget "MovieAppTests" */;
			buildPhases = (
				8E59FE5F29F136A4000D24C4 /* Sources */,
				8E59FE6029F136A4000D24C4 /* Frameworks */,
				8E59FE6129F136A4000D24C4 /* Resources */,
			);
			buildRules = (
			);
			dependencies = (
				8E59FE6529F136A4000D24C4 /* PBXTargetDependency */,
			);
			name = MovieAppTests;
			productName = MovieAppTests;
			productReference = 8E59FE6329F136A4000D24C4 /* MovieAppTests.xctest */;
			productType = "com.apple.product-type.bundle.unit-test";
		};
		8E59FE6C29F136A4000D24C4 /* MovieAppUITests */ = {
			isa = PBXNativeTarget;
			buildConfigurationList = 8E59FE7D29F136A4000D24C4 /* Build configuration list for PBXNativeTarget "MovieAppUITests" */;
			buildPhases = (
				8E59FE6929F136A4000D24C4 /* Sources */,
				8E59FE6A29F136A4000D24C4 /* Frameworks */,
				8E59FE6B29F136A4000D24C4 /* Resources */,
			);
			buildRules = (
			);
			dependencies = (
				8E59FE6F29F136A4000D24C4 /* PBXTargetDependency */,
			);
			name = MovieAppUITests;
			productName = MovieAppUITests;
			productReference = 8E59FE6D29F136A4000D24C4 /* MovieAppUITests.xctest */;
			productType = "com.apple.product-type.bundle.ui-testing";
		};
/* End PBXNativeTarget section */

/* Begin PBXProject section */
		8E59FE4529F136A1000D24C4 /* Project object */ = {
			isa = PBXProject;
			attributes = {
				BuildIndependentTargetsInParallel = 1;
				LastSwiftUpdateCheck = 1320;
				LastUpgradeCheck = 1320;
				TargetAttributes = {
					8E59FE4C29F136A1000D24C4 = {
						CreatedOnToolsVersion = 13.2.1;
					};
					8E59FE6229F136A4000D24C4 = {
						CreatedOnToolsVersion = 13.2.1;
						TestTargetID = 8E59FE4C29F136A1000D24C4;
					};
					8E59FE6C29F136A4000D24C4 = {
						CreatedOnToolsVersion = 13.2.1;
						TestTargetID = 8E59FE4C29F136A1000D24C4;
					};
				};
			};
			buildConfigurationList = 8E59FE4829F136A1000D24C4 /* Build configuration list for PBXProject "MovieApp" */;
			compatibilityVersion = "Xcode 13.0";
			developmentRegion = en;
			hasScannedForEncodings = 0;
			knownRegions = (
				en,
				Base,
			);
			mainGroup = 8E59FE4429F136A1000D24C4;
			packageReferences = (
				8E59FE9B29F15317000D24C4 /* XCRemoteSwiftPackageReference "Kingfisher" */,
				8EEB743929F66B1100C621FE /* XCRemoteSwiftPackageReference "realm-swift" */,
			);
			productRefGroup = 8E59FE4E29F136A1000D24C4 /* Products */;
			projectDirPath = "";
			projectRoot = "";
			targets = (
				8E59FE4C29F136A1000D24C4 /* MovieApp */,
				8E59FE6229F136A4000D24C4 /* MovieAppTests */,
				8E59FE6C29F136A4000D24C4 /* MovieAppUITests */,
			);
		};
/* End PBXProject section */

/* Begin PBXResourcesBuildPhase section */
		8E59FE4B29F136A1000D24C4 /* Resources */ = {
			isa = PBXResourcesBuildPhase;
			buildActionMask = 2147483647;
			files = (
				8E59FE5D29F136A3000D24C4 /* LaunchScreen.storyboard in Resources */,
				8E59FEA229F16AAA000D24C4 /* SearchListMoviesViewController.xib in Resources */,
				8E59FE9A29F1493D000D24C4 /* MovieViewCell.xib in Resources */,
				8E59FE5A29F136A3000D24C4 /* Assets.xcassets in Resources */,
				8EEB744429F6773C00C621FE /* FavoriteListViewController.xib in Resources */,
				8E59FE8A29F1395B000D24C4 /* ListOfMoviesViewController.xib in Resources */,
			);
			runOnlyForDeploymentPostprocessing = 0;
		};
		8E59FE6129F136A4000D24C4 /* Resources */ = {
			isa = PBXResourcesBuildPhase;
			buildActionMask = 2147483647;
			files = (
			);
			runOnlyForDeploymentPostprocessing = 0;
		};
		8E59FE6B29F136A4000D24C4 /* Resources */ = {
			isa = PBXResourcesBuildPhase;
			buildActionMask = 2147483647;
			files = (
			);
			runOnlyForDeploymentPostprocessing = 0;
		};
/* End PBXResourcesBuildPhase section */

/* Begin PBXSourcesBuildPhase section */
		8E59FE4929F136A1000D24C4 /* Sources */ = {
			isa = PBXSourcesBuildPhase;
			buildActionMask = 2147483647;
			files = (
				8EEB745029F67C0000C621FE /* RealmMovieMapper.swift in Sources */,
				8EB287A629F26D63002BB71D /* MovieViewCellMapper.swift in Sources */,
				8EEB745729F6B10900C621FE /* DefaultListViewController.swift in Sources */,
				8EB287A429F26575002BB71D /* MovieViewCellModel.swift in Sources */,
				8E59FE8E29F140DE000D24C4 /* Movie.swift in Sources */,
				8E59FE9229F141B4000D24C4 /* MovieApiResponse.swift in Sources */,
				8E59FE9429F142D0000D24C4 /* ListOfMoviesPresenter.swift in Sources */,
				8E59FEA129F16AAA000D24C4 /* SearchListMoviesViewController.swift in Sources */,
				8EEB744329F6773C00C621FE /* FavoriteListViewController.swift in Sources */,
				8E59FE5129F136A1000D24C4 /* AppDelegate.swift in Sources */,
				8EB287AA29F27B00002BB71D /* SearchListMoviesPresenter.swift in Sources */,
				8EEB744029F6758000C621FE /* RealmMovie.swift in Sources */,
				8EB287A829F2771F002BB71D /* SearchMoviesInteractor.swift in Sources */,
				8EEB744E29F67A9F00C621FE /* FavoriteMovieCellMapper.swift in Sources */,
				8E59FE5329F136A1000D24C4 /* SceneDelegate.swift in Sources */,
				8E59FE8C29F14082000D24C4 /* ListOfMoviesInteractor.swift in Sources */,
				8EEB743829F6682100C621FE /* ListOfMoviesDBInteractor.swift in Sources */,
				8E59FE9929F1493D000D24C4 /* MovieViewCell.swift in Sources */,
				8E59FE8429F137A1000D24C4 /* MainMoviesRouter.swift in Sources */,
				8EEB745429F6AEC400C621FE /* FavoriteListPresenter.swift in Sources */,
				8E59FE9029F14111000D24C4 /* APIClient.swift in Sources */,
				8EEB745229F68C1100C621FE /* SearchListRouter.swift in Sources */,
				8E59FE8929F1395B000D24C4 /* ListOfMoviesViewController.swift in Sources */,
				8EEB744929F678B000C621FE /* FavoriteListInteractor.swift in Sources */,
			);
			runOnlyForDeploymentPostprocessing = 0;
		};
		8E59FE5F29F136A4000D24C4 /* Sources */ = {
			isa = PBXSourcesBuildPhase;
			buildActionMask = 2147483647;
			files = (
				8E59FE6829F136A4000D24C4 /* MovieAppTests.swift in Sources */,
			);
			runOnlyForDeploymentPostprocessing = 0;
		};
		8E59FE6929F136A4000D24C4 /* Sources */ = {
			isa = PBXSourcesBuildPhase;
			buildActionMask = 2147483647;
			files = (
				8E59FE7429F136A4000D24C4 /* MovieAppUITestsLaunchTests.swift in Sources */,
				8E59FE7229F136A4000D24C4 /* MovieAppUITests.swift in Sources */,
			);
			runOnlyForDeploymentPostprocessing = 0;
		};
/* End PBXSourcesBuildPhase section */

/* Begin PBXTargetDependency section */
		8E59FE6529F136A4000D24C4 /* PBXTargetDependency */ = {
			isa = PBXTargetDependency;
			target = 8E59FE4C29F136A1000D24C4 /* MovieApp */;
			targetProxy = 8E59FE6429F136A4000D24C4 /* PBXContainerItemProxy */;
		};
		8E59FE6F29F136A4000D24C4 /* PBXTargetDependency */ = {
			isa = PBXTargetDependency;
			target = 8E59FE4C29F136A1000D24C4 /* MovieApp */;
			targetProxy = 8E59FE6E29F136A4000D24C4 /* PBXContainerItemProxy */;
		};
/* End PBXTargetDependency section */

/* Begin PBXVariantGroup section */
		8E59FE5B29F136A3000D24C4 /* LaunchScreen.storyboard */ = {
			isa = PBXVariantGroup;
			children = (
				8E59FE5C29F136A3000D24C4 /* Base */,
			);
			name = LaunchScreen.storyboard;
			sourceTree = "<group>";
		};
/* End PBXVariantGroup section */

/* Begin XCBuildConfiguration section */
		8E59FE7529F136A4000D24C4 /* Debug */ = {
			isa = XCBuildConfiguration;
			buildSettings = {
				ALWAYS_SEARCH_USER_PATHS = NO;
				CLANG_ANALYZER_NONNULL = YES;
				CLANG_ANALYZER_NUMBER_OBJECT_CONVERSION = YES_AGGRESSIVE;
				CLANG_CXX_LANGUAGE_STANDARD = "gnu++17";
				CLANG_CXX_LIBRARY = "libc++";
				CLANG_ENABLE_MODULES = YES;
				CLANG_ENABLE_OBJC_ARC = YES;
				CLANG_ENABLE_OBJC_WEAK = YES;
				CLANG_WARN_BLOCK_CAPTURE_AUTORELEASING = YES;
				CLANG_WARN_BOOL_CONVERSION = YES;
				CLANG_WARN_COMMA = YES;
				CLANG_WARN_CONSTANT_CONVERSION = YES;
				CLANG_WARN_DEPRECATED_OBJC_IMPLEMENTATIONS = YES;
				CLANG_WARN_DIRECT_OBJC_ISA_USAGE = YES_ERROR;
				CLANG_WARN_DOCUMENTATION_COMMENTS = YES;
				CLANG_WARN_EMPTY_BODY = YES;
				CLANG_WARN_ENUM_CONVERSION = YES;
				CLANG_WARN_INFINITE_RECURSION = YES;
				CLANG_WARN_INT_CONVERSION = YES;
				CLANG_WARN_NON_LITERAL_NULL_CONVERSION = YES;
				CLANG_WARN_OBJC_IMPLICIT_RETAIN_SELF = YES;
				CLANG_WARN_OBJC_LITERAL_CONVERSION = YES;
				CLANG_WARN_OBJC_ROOT_CLASS = YES_ERROR;
				CLANG_WARN_QUOTED_INCLUDE_IN_FRAMEWORK_HEADER = YES;
				CLANG_WARN_RANGE_LOOP_ANALYSIS = YES;
				CLANG_WARN_STRICT_PROTOTYPES = YES;
				CLANG_WARN_SUSPICIOUS_MOVE = YES;
				CLANG_WARN_UNGUARDED_AVAILABILITY = YES_AGGRESSIVE;
				CLANG_WARN_UNREACHABLE_CODE = YES;
				CLANG_WARN__DUPLICATE_METHOD_MATCH = YES;
				COPY_PHASE_STRIP = NO;
				DEBUG_INFORMATION_FORMAT = dwarf;
				ENABLE_STRICT_OBJC_MSGSEND = YES;
				ENABLE_TESTABILITY = YES;
				GCC_C_LANGUAGE_STANDARD = gnu11;
				GCC_DYNAMIC_NO_PIC = NO;
				GCC_NO_COMMON_BLOCKS = YES;
				GCC_OPTIMIZATION_LEVEL = 0;
				GCC_PREPROCESSOR_DEFINITIONS = (
					"DEBUG=1",
					"$(inherited)",
				);
				GCC_WARN_64_TO_32_BIT_CONVERSION = YES;
				GCC_WARN_ABOUT_RETURN_TYPE = YES_ERROR;
				GCC_WARN_UNDECLARED_SELECTOR = YES;
				GCC_WARN_UNINITIALIZED_AUTOS = YES_AGGRESSIVE;
				GCC_WARN_UNUSED_FUNCTION = YES;
				GCC_WARN_UNUSED_VARIABLE = YES;
				IPHONEOS_DEPLOYMENT_TARGET = 15.2;
				MTL_ENABLE_DEBUG_INFO = INCLUDE_SOURCE;
				MTL_FAST_MATH = YES;
				ONLY_ACTIVE_ARCH = YES;
				SDKROOT = iphoneos;
				SWIFT_ACTIVE_COMPILATION_CONDITIONS = DEBUG;
				SWIFT_OPTIMIZATION_LEVEL = "-Onone";
			};
			name = Debug;
		};
		8E59FE7629F136A4000D24C4 /* Release */ = {
			isa = XCBuildConfiguration;
			buildSettings = {
				ALWAYS_SEARCH_USER_PATHS = NO;
				CLANG_ANALYZER_NONNULL = YES;
				CLANG_ANALYZER_NUMBER_OBJECT_CONVERSION = YES_AGGRESSIVE;
				CLANG_CXX_LANGUAGE_STANDARD = "gnu++17";
				CLANG_CXX_LIBRARY = "libc++";
				CLANG_ENABLE_MODULES = YES;
				CLANG_ENABLE_OBJC_ARC = YES;
				CLANG_ENABLE_OBJC_WEAK = YES;
				CLANG_WARN_BLOCK_CAPTURE_AUTORELEASING = YES;
				CLANG_WARN_BOOL_CONVERSION = YES;
				CLANG_WARN_COMMA = YES;
				CLANG_WARN_CONSTANT_CONVERSION = YES;
				CLANG_WARN_DEPRECATED_OBJC_IMPLEMENTATIONS = YES;
				CLANG_WARN_DIRECT_OBJC_ISA_USAGE = YES_ERROR;
				CLANG_WARN_DOCUMENTATION_COMMENTS = YES;
				CLANG_WARN_EMPTY_BODY = YES;
				CLANG_WARN_ENUM_CONVERSION = YES;
				CLANG_WARN_INFINITE_RECURSION = YES;
				CLANG_WARN_INT_CONVERSION = YES;
				CLANG_WARN_NON_LITERAL_NULL_CONVERSION = YES;
				CLANG_WARN_OBJC_IMPLICIT_RETAIN_SELF = YES;
				CLANG_WARN_OBJC_LITERAL_CONVERSION = YES;
				CLANG_WARN_OBJC_ROOT_CLASS = YES_ERROR;
				CLANG_WARN_QUOTED_INCLUDE_IN_FRAMEWORK_HEADER = YES;
				CLANG_WARN_RANGE_LOOP_ANALYSIS = YES;
				CLANG_WARN_STRICT_PROTOTYPES = YES;
				CLANG_WARN_SUSPICIOUS_MOVE = YES;
				CLANG_WARN_UNGUARDED_AVAILABILITY = YES_AGGRESSIVE;
				CLANG_WARN_UNREACHABLE_CODE = YES;
				CLANG_WARN__DUPLICATE_METHOD_MATCH = YES;
				COPY_PHASE_STRIP = NO;
				DEBUG_INFORMATION_FORMAT = "dwarf-with-dsym";
				ENABLE_NS_ASSERTIONS = NO;
				ENABLE_STRICT_OBJC_MSGSEND = YES;
				GCC_C_LANGUAGE_STANDARD = gnu11;
				GCC_NO_COMMON_BLOCKS = YES;
				GCC_WARN_64_TO_32_BIT_CONVERSION = YES;
				GCC_WARN_ABOUT_RETURN_TYPE = YES_ERROR;
				GCC_WARN_UNDECLARED_SELECTOR = YES;
				GCC_WARN_UNINITIALIZED_AUTOS = YES_AGGRESSIVE;
				GCC_WARN_UNUSED_FUNCTION = YES;
				GCC_WARN_UNUSED_VARIABLE = YES;
				IPHONEOS_DEPLOYMENT_TARGET = 15.2;
				MTL_ENABLE_DEBUG_INFO = NO;
				MTL_FAST_MATH = YES;
				SDKROOT = iphoneos;
				SWIFT_COMPILATION_MODE = wholemodule;
				SWIFT_OPTIMIZATION_LEVEL = "-O";
				VALIDATE_PRODUCT = YES;
			};
			name = Release;
		};
		8E59FE7829F136A4000D24C4 /* Debug */ = {
			isa = XCBuildConfiguration;
			buildSettings = {
				ASSETCATALOG_COMPILER_APPICON_NAME = AppIcon;
				ASSETCATALOG_COMPILER_GLOBAL_ACCENT_COLOR_NAME = AccentColor;
				CODE_SIGN_STYLE = Automatic;
				CURRENT_PROJECT_VERSION = 1;
				DEVELOPMENT_TEAM = YQVJCSUNXR;
				GENERATE_INFOPLIST_FILE = YES;
				INFOPLIST_FILE = MovieApp/Info.plist;
				INFOPLIST_KEY_UIApplicationSupportsIndirectInputEvents = YES;
				INFOPLIST_KEY_UILaunchStoryboardName = LaunchScreen;
				INFOPLIST_KEY_UISupportedInterfaceOrientations_iPad = "UIInterfaceOrientationPortrait UIInterfaceOrientationPortraitUpsideDown UIInterfaceOrientationLandscapeLeft UIInterfaceOrientationLandscapeRight";
				INFOPLIST_KEY_UISupportedInterfaceOrientations_iPhone = "UIInterfaceOrientationPortrait UIInterfaceOrientationLandscapeLeft UIInterfaceOrientationLandscapeRight";
				LD_RUNPATH_SEARCH_PATHS = (
					"$(inherited)",
					"@executable_path/Frameworks",
				);
				MARKETING_VERSION = 1.0;
				PRODUCT_BUNDLE_IDENTIFIER = com.juanjoguevara.MovieApp;
				PRODUCT_NAME = "$(TARGET_NAME)";
				SWIFT_EMIT_LOC_STRINGS = YES;
				SWIFT_VERSION = 5.0;
				TARGETED_DEVICE_FAMILY = "1,2";
			};
			name = Debug;
		};
		8E59FE7929F136A4000D24C4 /* Release */ = {
			isa = XCBuildConfiguration;
			buildSettings = {
				ASSETCATALOG_COMPILER_APPICON_NAME = AppIcon;
				ASSETCATALOG_COMPILER_GLOBAL_ACCENT_COLOR_NAME = AccentColor;
				CODE_SIGN_STYLE = Automatic;
				CURRENT_PROJECT_VERSION = 1;
				DEVELOPMENT_TEAM = YQVJCSUNXR;
				GENERATE_INFOPLIST_FILE = YES;
				INFOPLIST_FILE = MovieApp/Info.plist;
				INFOPLIST_KEY_UIApplicationSupportsIndirectInputEvents = YES;
				INFOPLIST_KEY_UILaunchStoryboardName = LaunchScreen;
				INFOPLIST_KEY_UISupportedInterfaceOrientations_iPad = "UIInterfaceOrientationPortrait UIInterfaceOrientationPortraitUpsideDown UIInterfaceOrientationLandscapeLeft UIInterfaceOrientationLandscapeRight";
				INFOPLIST_KEY_UISupportedInterfaceOrientations_iPhone = "UIInterfaceOrientationPortrait UIInterfaceOrientationLandscapeLeft UIInterfaceOrientationLandscapeRight";
				LD_RUNPATH_SEARCH_PATHS = (
					"$(inherited)",
					"@executable_path/Frameworks",
				);
				MARKETING_VERSION = 1.0;
				PRODUCT_BUNDLE_IDENTIFIER = com.juanjoguevara.MovieApp;
				PRODUCT_NAME = "$(TARGET_NAME)";
				SWIFT_EMIT_LOC_STRINGS = YES;
				SWIFT_VERSION = 5.0;
				TARGETED_DEVICE_FAMILY = "1,2";
			};
			name = Release;
		};
		8E59FE7B29F136A4000D24C4 /* Debug */ = {
			isa = XCBuildConfiguration;
			buildSettings = {
				ALWAYS_EMBED_SWIFT_STANDARD_LIBRARIES = YES;
				BUNDLE_LOADER = "$(TEST_HOST)";
				CODE_SIGN_STYLE = Automatic;
				CURRENT_PROJECT_VERSION = 1;
				GENERATE_INFOPLIST_FILE = YES;
				IPHONEOS_DEPLOYMENT_TARGET = 15.2;
				MARKETING_VERSION = 1.0;
				PRODUCT_BUNDLE_IDENTIFIER = com.juanjoguevara.MovieAppTests;
				PRODUCT_NAME = "$(TARGET_NAME)";
				SWIFT_EMIT_LOC_STRINGS = NO;
				SWIFT_VERSION = 5.0;
				TARGETED_DEVICE_FAMILY = "1,2";
				TEST_HOST = "$(BUILT_PRODUCTS_DIR)/MovieApp.app/MovieApp";
			};
			name = Debug;
		};
		8E59FE7C29F136A4000D24C4 /* Release */ = {
			isa = XCBuildConfiguration;
			buildSettings = {
				ALWAYS_EMBED_SWIFT_STANDARD_LIBRARIES = YES;
				BUNDLE_LOADER = "$(TEST_HOST)";
				CODE_SIGN_STYLE = Automatic;
				CURRENT_PROJECT_VERSION = 1;
				GENERATE_INFOPLIST_FILE = YES;
				IPHONEOS_DEPLOYMENT_TARGET = 15.2;
				MARKETING_VERSION = 1.0;
				PRODUCT_BUNDLE_IDENTIFIER = com.juanjoguevara.MovieAppTests;
				PRODUCT_NAME = "$(TARGET_NAME)";
				SWIFT_EMIT_LOC_STRINGS = NO;
				SWIFT_VERSION = 5.0;
				TARGETED_DEVICE_FAMILY = "1,2";
				TEST_HOST = "$(BUILT_PRODUCTS_DIR)/MovieApp.app/MovieApp";
			};
			name = Release;
		};
		8E59FE7E29F136A4000D24C4 /* Debug */ = {
			isa = XCBuildConfiguration;
			buildSettings = {
				ALWAYS_EMBED_SWIFT_STANDARD_LIBRARIES = YES;
				CODE_SIGN_STYLE = Automatic;
				CURRENT_PROJECT_VERSION = 1;
				GENERATE_INFOPLIST_FILE = YES;
				MARKETING_VERSION = 1.0;
				PRODUCT_BUNDLE_IDENTIFIER = com.juanjoguevara.MovieAppUITests;
				PRODUCT_NAME = "$(TARGET_NAME)";
				SWIFT_EMIT_LOC_STRINGS = NO;
				SWIFT_VERSION = 5.0;
				TARGETED_DEVICE_FAMILY = "1,2";
				TEST_TARGET_NAME = MovieApp;
			};
			name = Debug;
		};
		8E59FE7F29F136A4000D24C4 /* Release */ = {
			isa = XCBuildConfiguration;
			buildSettings = {
				ALWAYS_EMBED_SWIFT_STANDARD_LIBRARIES = YES;
				CODE_SIGN_STYLE = Automatic;
				CURRENT_PROJECT_VERSION = 1;
				GENERATE_INFOPLIST_FILE = YES;
				MARKETING_VERSION = 1.0;
				PRODUCT_BUNDLE_IDENTIFIER = com.juanjoguevara.MovieAppUITests;
				PRODUCT_NAME = "$(TARGET_NAME)";
				SWIFT_EMIT_LOC_STRINGS = NO;
				SWIFT_VERSION = 5.0;
				TARGETED_DEVICE_FAMILY = "1,2";
				TEST_TARGET_NAME = MovieApp;
			};
			name = Release;
		};
/* End XCBuildConfiguration section */

/* Begin XCConfigurationList section */
		8E59FE4829F136A1000D24C4 /* Build configuration list for PBXProject "MovieApp" */ = {
			isa = XCConfigurationList;
			buildConfigurations = (
				8E59FE7529F136A4000D24C4 /* Debug */,
				8E59FE7629F136A4000D24C4 /* Release */,
			);
			defaultConfigurationIsVisible = 0;
			defaultConfigurationName = Release;
		};
		8E59FE7729F136A4000D24C4 /* Build configuration list for PBXNativeTarget "MovieApp" */ = {
			isa = XCConfigurationList;
			buildConfigurations = (
				8E59FE7829F136A4000D24C4 /* Debug */,
				8E59FE7929F136A4000D24C4 /* Release */,
			);
			defaultConfigurationIsVisible = 0;
			defaultConfigurationName = Release;
		};
		8E59FE7A29F136A4000D24C4 /* Build configuration list for PBXNativeTarget "MovieAppTests" */ = {
			isa = XCConfigurationList;
			buildConfigurations = (
				8E59FE7B29F136A4000D24C4 /* Debug */,
				8E59FE7C29F136A4000D24C4 /* Release */,
			);
			defaultConfigurationIsVisible = 0;
			defaultConfigurationName = Release;
		};
		8E59FE7D29F136A4000D24C4 /* Build configuration list for PBXNativeTarget "MovieAppUITests" */ = {
			isa = XCConfigurationList;
			buildConfigurations = (
				8E59FE7E29F136A4000D24C4 /* Debug */,
				8E59FE7F29F136A4000D24C4 /* Release */,
			);
			defaultConfigurationIsVisible = 0;
			defaultConfigurationName = Release;
		};
/* End XCConfigurationList section */

/* Begin XCRemoteSwiftPackageReference section */
		8E59FE9B29F15317000D24C4 /* XCRemoteSwiftPackageReference "Kingfisher" */ = {
			isa = XCRemoteSwiftPackageReference;
			repositoryURL = "https://github.com/onevcat/Kingfisher.git";
			requirement = {
				branch = master;
				kind = branch;
			};
		};
		8EEB743929F66B1100C621FE /* XCRemoteSwiftPackageReference "realm-swift" */ = {
			isa = XCRemoteSwiftPackageReference;
			repositoryURL = "https://github.com/realm/realm-swift.git";
			requirement = {
				kind = exactVersion;
				version = 10.24.0;
			};
		};
/* End XCRemoteSwiftPackageReference section */

/* Begin XCSwiftPackageProductDependency section */
		8E59FE9C29F15317000D24C4 /* Kingfisher */ = {
			isa = XCSwiftPackageProductDependency;
			package = 8E59FE9B29F15317000D24C4 /* XCRemoteSwiftPackageReference "Kingfisher" */;
			productName = Kingfisher;
		};
		8EEB743A29F66B1100C621FE /* Realm */ = {
			isa = XCSwiftPackageProductDependency;
			package = 8EEB743929F66B1100C621FE /* XCRemoteSwiftPackageReference "realm-swift" */;
			productName = Realm;
		};
		8EEB743C29F66B1100C621FE /* RealmSwift */ = {
			isa = XCSwiftPackageProductDependency;
			package = 8EEB743929F66B1100C621FE /* XCRemoteSwiftPackageReference "realm-swift" */;
			productName = RealmSwift;
		};
/* End XCSwiftPackageProductDependency section */
	};
	rootObject = 8E59FE4529F136A1000D24C4 /* Project object */;
}
